// !$*UTF8*$!
{
	archiveVersion = 1;
	classes = {
	};
	objectVersion = 46;
	objects = {

/* Begin PBXBuildFile section */
		4D4442451D393B5E0020DD78 /* AppDelegate.swift in Sources */ = {isa = PBXBuildFile; fileRef = 4D4442441D393B5E0020DD78 /* AppDelegate.swift */; };
		4D4442471D393B5E0020DD78 /* ViewController.swift in Sources */ = {isa = PBXBuildFile; fileRef = 4D4442461D393B5E0020DD78 /* ViewController.swift */; };
		4D44424A1D393B5E0020DD78 /* Main.storyboard in Resources */ = {isa = PBXBuildFile; fileRef = 4D4442481D393B5E0020DD78 /* Main.storyboard */; };
		4D44424C1D393B5E0020DD78 /* Assets.xcassets in Resources */ = {isa = PBXBuildFile; fileRef = 4D44424B1D393B5E0020DD78 /* Assets.xcassets */; };
		4D44424F1D393B5E0020DD78 /* LaunchScreen.storyboard in Resources */ = {isa = PBXBuildFile; fileRef = 4D44424D1D393B5E0020DD78 /* LaunchScreen.storyboard */; };
		4D44425A1D393B5E0020DD78 /* TouchTests.swift in Sources */ = {isa = PBXBuildFile; fileRef = 4D4442591D393B5E0020DD78 /* TouchTests.swift */; };
		4D4442651D393B5E0020DD78 /* TouchUITests.swift in Sources */ = {isa = PBXBuildFile; fileRef = 4D4442641D393B5E0020DD78 /* TouchUITests.swift */; };
		4D4442731D393B760020DD78 /* View.swift in Sources */ = {isa = PBXBuildFile; fileRef = 4D4442721D393B760020DD78 /* View.swift */; };
		4D4442751D393B8E0020DD78 /* LittleView.swift in Sources */ = {isa = PBXBuildFile; fileRef = 4D4442741D393B8E0020DD78 /* LittleView.swift */; };
/* End PBXBuildFile section */

/* Begin PBXContainerItemProxy section */
		4D4442561D393B5E0020DD78 /* PBXContainerItemProxy */ = {
			isa = PBXContainerItemProxy;
			containerPortal = 4D4442391D393B5E0020DD78 /* Project object */;
			proxyType = 1;
			remoteGlobalIDString = 4D4442401D393B5E0020DD78;
			remoteInfo = Touch;
		};
		4D4442611D393B5E0020DD78 /* PBXContainerItemProxy */ = {
			isa = PBXContainerItemProxy;
			containerPortal = 4D4442391D393B5E0020DD78 /* Project object */;
			proxyType = 1;
			remoteGlobalIDString = 4D4442401D393B5E0020DD78;
			remoteInfo = Touch;
		};
/* End PBXContainerItemProxy section */

/* Begin PBXFileReference section */
		4D4442411D393B5E0020DD78 /* Touch.app */ = {isa = PBXFileReference; explicitFileType = wrapper.application; includeInIndex = 0; path = Touch.app; sourceTree = BUILT_PRODUCTS_DIR; };
		4D4442441D393B5E0020DD78 /* AppDelegate.swift */ = {isa = PBXFileReference; lastKnownFileType = sourcecode.swift; path = AppDelegate.swift; sourceTree = "<group>"; };
		4D4442461D393B5E0020DD78 /* ViewController.swift */ = {isa = PBXFileReference; lastKnownFileType = sourcecode.swift; path = ViewController.swift; sourceTree = "<group>"; };
		4D4442491D393B5E0020DD78 /* Base */ = {isa = PBXFileReference; lastKnownFileType = file.storyboard; name = Base; path = Base.lproj/Main.storyboard; sourceTree = "<group>"; };
		4D44424B1D393B5E0020DD78 /* Assets.xcassets */ = {isa = PBXFileReference; lastKnownFileType = folder.assetcatalog; path = Assets.xcassets; sourceTree = "<group>"; };
		4D44424E1D393B5E0020DD78 /* Base */ = {isa = PBXFileReference; lastKnownFileType = file.storyboard; name = Base; path = Base.lproj/LaunchScreen.storyboard; sourceTree = "<group>"; };
		4D4442501D393B5E0020DD78 /* Info.plist */ = {isa = PBXFileReference; lastKnownFileType = text.plist.xml; path = Info.plist; sourceTree = "<group>"; };
		4D4442551D393B5E0020DD78 /* TouchTests.xctest */ = {isa = PBXFileReference; explicitFileType = wrapper.cfbundle; includeInIndex = 0; path = TouchTests.xctest; sourceTree = BUILT_PRODUCTS_DIR; };
		4D4442591D393B5E0020DD78 /* TouchTests.swift */ = {isa = PBXFileReference; lastKnownFileType = sourcecode.swift; path = TouchTests.swift; sourceTree = "<group>"; };
		4D44425B1D393B5E0020DD78 /* Info.plist */ = {isa = PBXFileReference; lastKnownFileType = text.plist.xml; path = Info.plist; sourceTree = "<group>"; };
		4D4442601D393B5E0020DD78 /* TouchUITests.xctest */ = {isa = PBXFileReference; explicitFileType = wrapper.cfbundle; includeInIndex = 0; path = TouchUITests.xctest; sourceTree = BUILT_PRODUCTS_DIR; };
		4D4442641D393B5E0020DD78 /* TouchUITests.swift */ = {isa = PBXFileReference; lastKnownFileType = sourcecode.swift; path = TouchUITests.swift; sourceTree = "<group>"; };
		4D4442661D393B5E0020DD78 /* Info.plist */ = {isa = PBXFileReference; lastKnownFileType = text.plist.xml; path = Info.plist; sourceTree = "<group>"; };
		4D4442721D393B760020DD78 /* View.swift */ = {isa = PBXFileReference; fileEncoding = 4; lastKnownFileType = sourcecode.swift; path = View.swift; sourceTree = "<group>"; };
		4D4442741D393B8E0020DD78 /* LittleView.swift */ = {isa = PBXFileReference; fileEncoding = 4; lastKnownFileType = sourcecode.swift; path = LittleView.swift; sourceTree = "<group>"; };
/* End PBXFileReference section */

/* Begin PBXFrameworksBuildPhase section */
		4D44423E1D393B5E0020DD78 /* Frameworks */ = {
			isa = PBXFrameworksBuildPhase;
			buildActionMask = 2147483647;
			files = (
			);
			runOnlyForDeploymentPostprocessing = 0;
		};
		4D4442521D393B5E0020DD78 /* Frameworks */ = {
			isa = PBXFrameworksBuildPhase;
			buildActionMask = 2147483647;
			files = (
			);
			runOnlyForDeploymentPostprocessing = 0;
		};
		4D44425D1D393B5E0020DD78 /* Frameworks */ = {
			isa = PBXFrameworksBuildPhase;
			buildActionMask = 2147483647;
			files = (
			);
			runOnlyForDeploymentPostprocessing = 0;
		};
/* End PBXFrameworksBuildPhase section */

/* Begin PBXGroup section */
		4D4442381D393B5E0020DD78 = {
			isa = PBXGroup;
			children = (
				4D4442431D393B5E0020DD78 /* Touch */,
				4D4442581D393B5E0020DD78 /* TouchTests */,
				4D4442631D393B5E0020DD78 /* TouchUITests */,
				4D4442421D393B5E0020DD78 /* Products */,
			);
			sourceTree = "<group>";
		};
		4D4442421D393B5E0020DD78 /* Products */ = {
			isa = PBXGroup;
			children = (
				4D4442411D393B5E0020DD78 /* Touch.app */,
				4D4442551D393B5E0020DD78 /* TouchTests.xctest */,
				4D4442601D393B5E0020DD78 /* TouchUITests.xctest */,
			);
			name = Products;
			sourceTree = "<group>";
		};
		4D4442431D393B5E0020DD78 /* Touch */ = {
			isa = PBXGroup;
			children = (
				4D4442441D393B5E0020DD78 /* AppDelegate.swift */,
				4D4442461D393B5E0020DD78 /* ViewController.swift */,
				4D4442721D393B760020DD78 /* View.swift */,
				4D4442741D393B8E0020DD78 /* LittleView.swift */,
				4D4442481D393B5E0020DD78 /* Main.storyboard */,
				4D44424B1D393B5E0020DD78 /* Assets.xcassets */,
				4D44424D1D393B5E0020DD78 /* LaunchScreen.storyboard */,
				4D4442501D393B5E0020DD78 /* Info.plist */,
			);
			path = Touch;
			sourceTree = "<group>";
		};
		4D4442581D393B5E0020DD78 /* TouchTests */ = {
			isa = PBXGroup;
			children = (
				4D4442591D393B5E0020DD78 /* TouchTests.swift */,
				4D44425B1D393B5E0020DD78 /* Info.plist */,
			);
			path = TouchTests;
			sourceTree = "<group>";
		};
		4D4442631D393B5E0020DD78 /* TouchUITests */ = {
			isa = PBXGroup;
			children = (
				4D4442641D393B5E0020DD78 /* TouchUITests.swift */,
				4D4442661D393B5E0020DD78 /* Info.plist */,
			);
			path = TouchUITests;
			sourceTree = "<group>";
		};
/* End PBXGroup section */

/* Begin PBXNativeTarget section */
		4D4442401D393B5E0020DD78 /* Touch */ = {
			isa = PBXNativeTarget;
			buildConfigurationList = 4D4442691D393B5E0020DD78 /* Build configuration list for PBXNativeTarget "Touch" */;
			buildPhases = (
				4D44423D1D393B5E0020DD78 /* Sources */,
				4D44423E1D393B5E0020DD78 /* Frameworks */,
				4D44423F1D393B5E0020DD78 /* Resources */,
			);
			buildRules = (
			);
			dependencies = (
			);
			name = Touch;
			productName = Touch;
			productReference = 4D4442411D393B5E0020DD78 /* Touch.app */;
			productType = "com.apple.product-type.application";
		};
		4D4442541D393B5E0020DD78 /* TouchTests */ = {
			isa = PBXNativeTarget;
			buildConfigurationList = 4D44426C1D393B5E0020DD78 /* Build configuration list for PBXNativeTarget "TouchTests" */;
			buildPhases = (
				4D4442511D393B5E0020DD78 /* Sources */,
				4D4442521D393B5E0020DD78 /* Frameworks */,
				4D4442531D393B5E0020DD78 /* Resources */,
			);
			buildRules = (
			);
			dependencies = (
				4D4442571D393B5E0020DD78 /* PBXTargetDependency */,
			);
			name = TouchTests;
			productName = TouchTests;
			productReference = 4D4442551D393B5E0020DD78 /* TouchTests.xctest */;
			productType = "com.apple.product-type.bundle.unit-test";
		};
		4D44425F1D393B5E0020DD78 /* TouchUITests */ = {
			isa = PBXNativeTarget;
			buildConfigurationList = 4D44426F1D393B5E0020DD78 /* Build configuration list for PBXNativeTarget "TouchUITests" */;
			buildPhases = (
				4D44425C1D393B5E0020DD78 /* Sources */,
				4D44425D1D393B5E0020DD78 /* Frameworks */,
				4D44425E1D393B5E0020DD78 /* Resources */,
			);
			buildRules = (
			);
			dependencies = (
				4D4442621D393B5E0020DD78 /* PBXTargetDependency */,
			);
			name = TouchUITests;
			productName = TouchUITests;
			productReference = 4D4442601D393B5E0020DD78 /* TouchUITests.xctest */;
			productType = "com.apple.product-type.bundle.ui-testing";
		};
/* End PBXNativeTarget section */

/* Begin PBXProject section */
		4D4442391D393B5E0020DD78 /* Project object */ = {
			isa = PBXProject;
			attributes = {
				LastSwiftUpdateCheck = 0730;
				LastUpgradeCheck = 0730;
				ORGANIZATIONNAME = "Mark Meretzky";
				TargetAttributes = {
					4D4442401D393B5E0020DD78 = {
						CreatedOnToolsVersion = 7.3.1;
					};
					4D4442541D393B5E0020DD78 = {
						CreatedOnToolsVersion = 7.3.1;
						TestTargetID = 4D4442401D393B5E0020DD78;
					};
					4D44425F1D393B5E0020DD78 = {
						CreatedOnToolsVersion = 7.3.1;
						TestTargetID = 4D4442401D393B5E0020DD78;
					};
				};
			};
			buildConfigurationList = 4D44423C1D393B5E0020DD78 /* Build configuration list for PBXProject "Touch" */;
			compatibilityVersion = "Xcode 3.2";
			developmentRegion = English;
			hasScannedForEncodings = 0;
			knownRegions = (
				en,
				Base,
			);
			mainGroup = 4D4442381D393B5E0020DD78;
			productRefGroup = 4D4442421D393B5E0020DD78 /* Products */;
			projectDirPath = "";
			projectRoot = "";
			targets = (
				4D4442401D393B5E0020DD78 /* Touch */,
				4D4442541D393B5E0020DD78 /* TouchTests */,
				4D44425F1D393B5E0020DD78 /* TouchUITests */,
			);
		};
/* End PBXProject section */

/* Begin PBXResourcesBuildPhase section */
		4D44423F1D393B5E0020DD78 /* Resources */ = {
			isa = PBXResourcesBuildPhase;
			buildActionMask = 2147483647;
			files = (
				4D44424F1D393B5E0020DD78 /* LaunchScreen.storyboard in Resources */,
				4D44424C1D393B5E0020DD78 /* Assets.xcassets in Resources */,
				4D44424A1D393B5E0020DD78 /* Main.storyboard in Resources */,
			);
			runOnlyForDeploymentPostprocessing = 0;
		};
		4D4442531D393B5E0020DD78 /* Resources */ = {
			isa = PBXResourcesBuildPhase;
			buildActionMask = 2147483647;
			files = (
			);
			runOnlyForDeploymentPostprocessing = 0;
		};
		4D44425E1D393B5E0020DD78 /* Resources */ = {
			isa = PBXResourcesBuildPhase;
			buildActionMask = 2147483647;
			files = (
			);
			runOnlyForDeploymentPostprocessing = 0;
		};
/* End PBXResourcesBuildPhase section */

/* Begin PBXSourcesBuildPhase section */
		4D44423D1D393B5E0020DD78 /* Sources */ = {
			isa = PBXSourcesBuildPhase;
			buildActionMask = 2147483647;
			files = (
				4D4442751D393B8E0020DD78 /* LittleView.swift in Sources */,
				4D4442471D393B5E0020DD78 /* ViewController.swift in Sources */,
				4D4442451D393B5E0020DD78 /* AppDelegate.swift in Sources */,
				4D4442731D393B760020DD78 /* View.swift in Sources */,
			);
			runOnlyForDeploymentPostprocessing = 0;
		};
		4D4442511D393B5E0020DD78 /* Sources */ = {
			isa = PBXSourcesBuildPhase;
			buildActionMask = 2147483647;
			files = (
				4D44425A1D393B5E0020DD78 /* TouchTests.swift in Sources */,
			);
			runOnlyForDeploymentPostprocessing = 0;
		};
		4D44425C1D393B5E0020DD78 /* Sources */ = {
			isa = PBXSourcesBuildPhase;
			buildActionMask = 2147483647;
			files = (
				4D4442651D393B5E0020DD78 /* TouchUITests.swift in Sources */,
			);
			runOnlyForDeploymentPostprocessing = 0;
		};
/* End PBXSourcesBuildPhase section */

/* Begin PBXTargetDependency section */
		4D4442571D393B5E0020DD78 /* PBXTargetDependency */ = {
			isa = PBXTargetDependency;
			target = 4D4442401D393B5E0020DD78 /* Touch */;
			targetProxy = 4D4442561D393B5E0020DD78 /* PBXContainerItemProxy */;
		};
		4D4442621D393B5E0020DD78 /* PBXTargetDependency */ = {
			isa = PBXTargetDependency;
			target = 4D4442401D393B5E0020DD78 /* Touch */;
			targetProxy = 4D4442611D393B5E0020DD78 /* PBXContainerItemProxy */;
		};
/* End PBXTargetDependency section */

/* Begin PBXVariantGroup section */
		4D4442481D393B5E0020DD78 /* Main.storyboard */ = {
			isa = PBXVariantGroup;
			children = (
				4D4442491D393B5E0020DD78 /* Base */,
			);
			name = Main.storyboard;
			sourceTree = "<group>";
		};
		4D44424D1D393B5E0020DD78 /* LaunchScreen.storyboard */ = {
			isa = PBXVariantGroup;
			children = (
				4D44424E1D393B5E0020DD78 /* Base */,
			);
			name = LaunchScreen.storyboard;
			sourceTree = "<group>";
		};
/* End PBXVariantGroup section */

/* Begin XCBuildConfiguration section */
		4D4442671D393B5E0020DD78 /* Debug */ = {
			isa = XCBuildConfiguration;
			buildSettings = {
				ALWAYS_SEARCH_USER_PATHS = NO;
				CLANG_ANALYZER_NONNULL = YES;
				CLANG_CXX_LANGUAGE_STANDARD = "gnu++0x";
				CLANG_CXX_LIBRARY = "libc++";
				CLANG_ENABLE_MODULES = YES;
				CLANG_ENABLE_OBJC_ARC = YES;
				CLANG_WARN_BOOL_CONVERSION = YES;
				CLANG_WARN_CONSTANT_CONVERSION = YES;
				CLANG_WARN_DIRECT_OBJC_ISA_USAGE = YES_ERROR;
				CLANG_WARN_EMPTY_BODY = YES;
				CLANG_WARN_ENUM_CONVERSION = YES;
				CLANG_WARN_INT_CONVERSION = YES;
				CLANG_WARN_OBJC_ROOT_CLASS = YES_ERROR;
				CLANG_WARN_UNREACHABLE_CODE = YES;
				CLANG_WARN__DUPLICATE_METHOD_MATCH = YES;
				"CODE_SIGN_IDENTITY[sdk=iphoneos*]" = "iPhone Developer";
				COPY_PHASE_STRIP = NO;
				DEBUG_INFORMATION_FORMAT = dwarf;
				ENABLE_STRICT_OBJC_MSGSEND = YES;
				ENABLE_TESTABILITY = YES;
				GCC_C_LANGUAGE_STANDARD = gnu99;
				GCC_DYNAMIC_NO_PIC = NO;
				GCC_NO_COMMON_BLOCKS = YES;
				GCC_OPTIMIZATION_LEVEL = 0;
				GCC_PREPROCESSOR_DEFINITIONS = (
					"DEBUG=1",
					"$(inherited)",
				);
				GCC_WARN_64_TO_32_BIT_CONVERSION = YES;
				GCC_WARN_ABOUT_RETURN_TYPE = YES_ERROR;
				GCC_WARN_UNDECLARED_SELECTOR = YES;
				GCC_WARN_UNINITIALIZED_AUTOS = YES_AGGRESSIVE;
				GCC_WARN_UNUSED_FUNCTION = YES;
				GCC_WARN_UNUSED_VARIABLE = YES;
				IPHONEOS_DEPLOYMENT_TARGET = 9.3;
				MTL_ENABLE_DEBUG_INFO = YES;
				ONLY_ACTIVE_ARCH = YES;
				SDKROOT = iphoneos;
				SWIFT_OPTIMIZATION_LEVEL = "-Onone";
			};
			name = Debug;
		};
		4D4442681D393B5E0020DD78 /* Release */ = {
			isa = XCBuildConfiguration;
			buildSettings = {
				ALWAYS_SEARCH_USER_PATHS = NO;
				CLANG_ANALYZER_NONNULL = YES;
				CLANG_CXX_LANGUAGE_STANDARD = "gnu++0x";
				CLANG_CXX_LIBRARY = "libc++";
				CLANG_ENABLE_MODULES = YES;
				CLANG_ENABLE_OBJC_ARC = YES;
				CLANG_WARN_BOOL_CONVERSION = YES;
				CLANG_WARN_CONSTANT_CONVERSION = YES;
				CLANG_WARN_DIRECT_OBJC_ISA_USAGE = YES_ERROR;
				CLANG_WARN_EMPTY_BODY = YES;
				CLANG_WARN_ENUM_CONVERSION = YES;
				CLANG_WARN_INT_CONVERSION = YES;
				CLANG_WARN_OBJC_ROOT_CLASS = YES_ERROR;
				CLANG_WARN_UNREACHABLE_CODE = YES;
				CLANG_WARN__DUPLICATE_METHOD_MATCH = YES;
				"CODE_SIGN_IDENTITY[sdk=iphoneos*]" = "iPhone Developer";
				COPY_PHASE_STRIP = NO;
				DEBUG_INFORMATION_FORMAT = "dwarf-with-dsym";
				ENABLE_NS_ASSERTIONS = NO;
				ENABLE_STRICT_OBJC_MSGSEND = YES;
				GCC_C_LANGUAGE_STANDARD = gnu99;
				GCC_NO_COMMON_BLOCKS = YES;
				GCC_WARN_64_TO_32_BIT_CONVERSION = YES;
				GCC_WARN_ABOUT_RETURN_TYPE = YES_ERROR;
				GCC_WARN_UNDECLARED_SELECTOR = YES;
				GCC_WARN_UNINITIALIZED_AUTOS = YES_AGGRESSIVE;
				GCC_WARN_UNUSED_FUNCTION = YES;
				GCC_WARN_UNUSED_VARIABLE = YES;
				IPHONEOS_DEPLOYMENT_TARGET = 9.3;
				MTL_ENABLE_DEBUG_INFO = NO;
				SDKROOT = iphoneos;
				VALIDATE_PRODUCT = YES;
			};
			name = Release;
		};
		4D44426A1D393B5E0020DD78 /* Debug */ = {
			isa = XCBuildConfiguration;
			buildSettings = {
				ASSETCATALOG_COMPILER_APPICON_NAME = AppIcon;
				INFOPLIST_FILE = Touch/Info.plist;
				LD_RUNPATH_SEARCH_PATHS = "$(inherited) @executable_path/Frameworks";
				PRODUCT_BUNDLE_IDENTIFIER = edu.nyu.scps.Touch;
				PRODUCT_NAME = "$(TARGET_NAME)";
			};
			name = Debug;
		};
		4D44426B1D393B5E0020DD78 /* Release */ = {
			isa = XCBuildConfiguration;
			buildSettings = {
				ASSETCATALOG_COMPILER_APPICON_NAME = AppIcon;
				INFOPLIST_FILE = Touch/Info.plist;
				LD_RUNPATH_SEARCH_PATHS = "$(inherited) @executable_path/Frameworks";
				PRODUCT_BUNDLE_IDENTIFIER = edu.nyu.scps.Touch;
				PRODUCT_NAME = "$(TARGET_NAME)";
			};
			name = Release;
		};
		4D44426D1D393B5E0020DD78 /* Debug */ = {
			isa = XCBuildConfiguration;
			buildSettings = {
				BUNDLE_LOADER = "$(TEST_HOST)";
				INFOPLIST_FILE = TouchTests/Info.plist;
				LD_RUNPATH_SEARCH_PATHS = "$(inherited) @executable_path/Frameworks @loader_path/Frameworks";
				PRODUCT_BUNDLE_IDENTIFIER = edu.nyu.scps.TouchTests;
				PRODUCT_NAME = "$(TARGET_NAME)";
				TEST_HOST = "$(BUILT_PRODUCTS_DIR)/Touch.app/Touch";
			};
			name = Debug;
		};
		4D44426E1D393B5E0020DD78 /* Release */ = {
			isa = XCBuildConfiguration;
			buildSettings = {
				BUNDLE_LOADER = "$(TEST_HOST)";
				INFOPLIST_FILE = TouchTests/Info.plist;
				LD_RUNPATH_SEARCH_PATHS = "$(inherited) @executable_path/Frameworks @loader_path/Frameworks";
				PRODUCT_BUNDLE_IDENTIFIER = edu.nyu.scps.TouchTests;
				PRODUCT_NAME = "$(TARGET_NAME)";
				TEST_HOST = "$(BUILT_PRODUCTS_DIR)/Touch.app/Touch";
			};
			name = Release;
		};
		4D4442701D393B5E0020DD78 /* Debug */ = {
			isa = XCBuildConfiguration;
			buildSettings = {
				INFOPLIST_FILE = TouchUITests/Info.plist;
				LD_RUNPATH_SEARCH_PATHS = "$(inherited) @executable_path/Frameworks @loader_path/Frameworks";
				PRODUCT_BUNDLE_IDENTIFIER = edu.nyu.scps.TouchUITests;
				PRODUCT_NAME = "$(TARGET_NAME)";
				TEST_TARGET_NAME = Touch;
			};
			name = Debug;
		};
		4D4442711D393B5E0020DD78 /* Release */ = {
			isa = XCBuildConfiguration;
			buildSettings = {
				INFOPLIST_FILE = TouchUITests/Info.plist;
				LD_RUNPATH_SEARCH_PATHS = "$(inherited) @executable_path/Frameworks @loader_path/Frameworks";
				PRODUCT_BUNDLE_IDENTIFIER = edu.nyu.scps.TouchUITests;
				PRODUCT_NAME = "$(TARGET_NAME)";
				TEST_TARGET_NAME = Touch;
			};
			name = Release;
		};
/* End XCBuildConfiguration section */

/* Begin XCConfigurationList section */
		4D44423C1D393B5E0020DD78 /* Build configuration list for PBXProject "Touch" */ = {
			isa = XCConfigurationList;
			buildConfigurations = (
				4D4442671D393B5E0020DD78 /* Debug */,
				4D4442681D393B5E0020DD78 /* Release */,
			);
			defaultConfigurationIsVisible = 0;
			defaultConfigurationName = Release;
		};
		4D4442691D393B5E0020DD78 /* Build configuration list for PBXNativeTarget "Touch" */ = {
			isa = XCConfigurationList;
			buildConfigurations = (
				4D44426A1D393B5E0020DD78 /* Debug */,
				4D44426B1D393B5E0020DD78 /* Release */,
			);
			defaultConfigurationIsVisible = 0;
		};
		4D44426C1D393B5E0020DD78 /* Build configuration list for PBXNativeTarget "TouchTests" */ = {
			isa = XCConfigurationList;
			buildConfigurations = (
				4D44426D1D393B5E0020DD78 /* Debug */,
				4D44426E1D393B5E0020DD78 /* Release */,
			);
			defaultConfigurationIsVisible = 0;
		};
		4D44426F1D393B5E0020DD78 /* Build configuration list for PBXNativeTarget "TouchUITests" */ = {
			isa = XCConfigurationList;
			buildConfigurations = (
				4D4442701D393B5E0020DD78 /* Debug */,
				4D4442711D393B5E0020DD78 /* Release */,
			);
			defaultConfigurationIsVisible = 0;
		};
/* End XCConfigurationList section */
	};
	rootObject = 4D4442391D393B5E0020DD78 /* Project object */;
}
